
Microsoft Visual Studio Solution File, Format Version 12.00
# Visual Studio Version 16
VisualStudioVersion = 16.0.29102.190
MinimumVisualStudioVersion = 10.0.40219.1
Project("{FAE04EC0-301F-11D3-BF4B-00C04F79EFBC}") = "Vidly", "Vidly\Vidly.csproj", "{6E50F0C3-7634-4ECF-85C1-D85EDD414E3C}"
EndProject
Global
	GlobalSection(SolutionConfigurationPlatforms) = preSolution
		Debug|Any CPU = Debug|Any CPU
		Release|Any CPU = Release|Any CPU
	EndGlobalSection
	GlobalSection(ProjectConfigurationPlatforms) = postSolution
		{6E50F0C3-7634-4ECF-85C1-D85EDD414E3C}.Debug|Any CPU.ActiveCfg = Debug|Any CPU
		{6E50F0C3-7634-4ECF-85C1-D85EDD414E3C}.Debug|Any CPU.Build.0 = Debug|Any CPU
		{6E50F0C3-7634-4ECF-85C1-D85EDD414E3C}.Release|Any CPU.ActiveCfg = Release|Any CPU
		{6E50F0C3-7634-4ECF-85C1-D85EDD414E3C}.Release|Any CPU.Build.0 = Release|Any CPU
	EndGlobalSection
	GlobalSection(SolutionProperties) = preSolution
		HideSolutionNode = FALSE
	EndGlobalSection
	GlobalSection(ExtensibilityGlobals) = postSolution
		SolutionGuid = {7D09E4D9-AD04-47EF-A9D0-672A5E193A96}
	EndGlobalSection
EndGlobal
